// !$*UTF8*$!
{
	archiveVersion = 1;
	classes = {
	};
	objectVersion = 46;
	objects = {

/* Begin PBXBuildFile section */
		1D6F35BE212A74370082DA48 /* mach_kext.c in Sources */ = {isa = PBXBuildFile; fileRef = 1D6F35BD212A74370082DA48 /* mach_kext.c */; };
/* End PBXBuildFile section */

/* Begin PBXFileReference section */
		1D6F35BA212A74370082DA48 /* mach_kext.kext */ = {isa = PBXFileReference; explicitFileType = wrapper.cfbundle; includeInIndex = 0; path = mach_kext.kext; sourceTree = BUILT_PRODUCTS_DIR; };
		1D6F35BD212A74370082DA48 /* mach_kext.c */ = {isa = PBXFileReference; lastKnownFileType = sourcecode.c.c; path = mach_kext.c; sourceTree = "<group>"; };
		1D6F35BF212A74370082DA48 /* Info.plist */ = {isa = PBXFileReference; lastKnownFileType = text.plist.xml; path = Info.plist; sourceTree = "<group>"; };
/* End PBXFileReference section */

/* Begin PBXFrameworksBuildPhase section */
		1D6F35B6212A74370082DA48 /* Frameworks */ = {
			isa = PBXFrameworksBuildPhase;
			buildActionMask = 2147483647;
			files = (
			);
			runOnlyForDeploymentPostprocessing = 0;
		};
/* End PBXFrameworksBuildPhase section */

/* Begin PBXGroup section */
		1D6F35B0212A74370082DA48 = {
			isa = PBXGroup;
			children = (
				1D6F35BC212A74370082DA48 /* mach_kext */,
				1D6F35BB212A74370082DA48 /* Products */,
			);
			sourceTree = "<group>";
		};
		1D6F35BB212A74370082DA48 /* Products */ = {
			isa = PBXGroup;
			children = (
				1D6F35BA212A74370082DA48 /* mach_kext.kext */,
			);
			name = Products;
			sourceTree = "<group>";
		};
		1D6F35BC212A74370082DA48 /* mach_kext */ = {
			isa = PBXGroup;
			children = (
				1D6F35BD212A74370082DA48 /* mach_kext.c */,
				1D6F35BF212A74370082DA48 /* Info.plist */,
			);
			path = mach_kext;
			sourceTree = "<group>";
		};
/* End PBXGroup section */

/* Begin PBXHeadersBuildPhase section */
		1D6F35B7212A74370082DA48 /* Headers */ = {
			isa = PBXHeadersBuildPhase;
			buildActionMask = 2147483647;
			files = (
			);
			runOnlyForDeploymentPostprocessing = 0;
		};
/* End PBXHeadersBuildPhase section */

/* Begin PBXNativeTarget section */
		1D6F35B9212A74370082DA48 /* mach_kext */ = {
			isa = PBXNativeTarget;
			buildConfigurationList = 1D6F35C2212A74370082DA48 /* Build configuration list for PBXNativeTarget "mach_kext" */;
			buildPhases = (
				1D6F35B5212A74370082DA48 /* Sources */,
				1D6F35B6212A74370082DA48 /* Frameworks */,
				1D6F35B7212A74370082DA48 /* Headers */,
				1D6F35B8212A74370082DA48 /* Resources */,
			);
			buildRules = (
			);
			dependencies = (
			);
			name = mach_kext;
			productName = mach_kext;
			productReference = 1D6F35BA212A74370082DA48 /* mach_kext.kext */;
			productType = "com.apple.product-type.kernel-extension";
		};
/* End PBXNativeTarget section */

/* Begin PBXProject section */
		1D6F35B1212A74370082DA48 /* Project object */ = {
			isa = PBXProject;
			attributes = {
				LastUpgradeCheck = 0820;
				ORGANIZATIONNAME = "徐志强";
				TargetAttributes = {
					1D6F35B9212A74370082DA48 = {
						CreatedOnToolsVersion = 8.2.1;
						ProvisioningStyle = Automatic;
					};
				};
			};
			buildConfigurationList = 1D6F35B4212A74370082DA48 /* Build configuration list for PBXProject "mach_kext" */;
			compatibilityVersion = "Xcode 3.2";
			developmentRegion = English;
			hasScannedForEncodings = 0;
			knownRegions = (
				en,
			);
			mainGroup = 1D6F35B0212A74370082DA48;
			productRefGroup = 1D6F35BB212A74370082DA48 /* Products */;
			projectDirPath = "";
			projectRoot = "";
			targets = (
				1D6F35B9212A74370082DA48 /* mach_kext */,
			);
		};
/* End PBXProject section */

/* Begin PBXResourcesBuildPhase section */
		1D6F35B8212A74370082DA48 /* Resources */ = {
			isa = PBXResourcesBuildPhase;
			buildActionMask = 2147483647;
			files = (
			);
			runOnlyForDeploymentPostprocessing = 0;
		};
/* End PBXResourcesBuildPhase section */

/* Begin PBXSourcesBuildPhase section */
		1D6F35B5212A74370082DA48 /* Sources */ = {
			isa = PBXSourcesBuildPhase;
			buildActionMask = 2147483647;
			files = (
				1D6F35BE212A74370082DA48 /* mach_kext.c in Sources */,
			);
			runOnlyForDeploymentPostprocessing = 0;
		};
/* End PBXSourcesBuildPhase section */

/* Begin XCBuildConfiguration section */
		1D6F35C0212A74370082DA48 /* Debug */ = {
			isa = XCBuildConfiguration;
			buildSettings = {
				ALWAYS_SEARCH_USER_PATHS = NO;
				CLANG_ANALYZER_NONNULL = YES;
				CLANG_CXX_LANGUAGE_STANDARD = "gnu++0x";
				CLANG_CXX_LIBRARY = "libc++";
				CLANG_ENABLE_MODULES = YES;
				CLANG_ENABLE_OBJC_ARC = YES;
				CLANG_WARN_BOOL_CONVERSION = YES;
				CLANG_WARN_CONSTANT_CONVERSION = YES;
				CLANG_WARN_DIRECT_OBJC_ISA_USAGE = YES_ERROR;
				CLANG_WARN_DOCUMENTATION_COMMENTS = YES;
				CLANG_WARN_EMPTY_BODY = YES;
				CLANG_WARN_ENUM_CONVERSION = YES;
				CLANG_WARN_INFINITE_RECURSION = YES;
				CLANG_WARN_INT_CONVERSION = YES;
				CLANG_WARN_OBJC_ROOT_CLASS = YES_ERROR;
				CLANG_WARN_SUSPICIOUS_MOVE = YES;
				CLANG_WARN_UNREACHABLE_CODE = YES;
				CLANG_WARN__DUPLICATE_METHOD_MATCH = YES;
				CODE_SIGN_IDENTITY = "-";
				COPY_PHASE_STRIP = NO;
				DEBUG_INFORMATION_FORMAT = dwarf;
				ENABLE_STRICT_OBJC_MSGSEND = YES;
				ENABLE_TESTABILITY = YES;
				GCC_C_LANGUAGE_STANDARD = gnu99;
				GCC_DYNAMIC_NO_PIC = NO;
				GCC_NO_COMMON_BLOCKS = YES;
				GCC_OPTIMIZATION_LEVEL = 0;
				GCC_PREPROCESSOR_DEFINITIONS = (
					"DEBUG=1",
					"$(inherited)",
				);
				GCC_WARN_64_TO_32_BIT_CONVERSION = YES;
				GCC_WARN_ABOUT_RETURN_TYPE = YES_ERROR;
				GCC_WARN_UNDECLARED_SELECTOR = YES;
				GCC_WARN_UNINITIALIZED_AUTOS = YES_AGGRESSIVE;
				GCC_WARN_UNUSED_FUNCTION = YES;
				GCC_WARN_UNUSED_VARIABLE = YES;
				MACOSX_DEPLOYMENT_TARGET = 10.11;
				MTL_ENABLE_DEBUG_INFO = YES;
				ONLY_ACTIVE_ARCH = YES;
				SDKROOT = macosx;
			};
			name = Debug;
		};
		1D6F35C1212A74370082DA48 /* Release */ = {
			isa = XCBuildConfiguration;
			buildSettings = {
				ALWAYS_SEARCH_USER_PATHS = NO;
				CLANG_ANALYZER_NONNULL = YES;
				CLANG_CXX_LANGUAGE_STANDARD = "gnu++0x";
				CLANG_CXX_LIBRARY = "libc++";
				CLANG_ENABLE_MODULES = YES;
				CLANG_ENABLE_OBJC_ARC = YES;
				CLANG_WARN_BOOL_CONVERSION = YES;
				CLANG_WARN_CONSTANT_CONVERSION = YES;
				CLANG_WARN_DIRECT_OBJC_ISA_USAGE = YES_ERROR;
				CLANG_WARN_DOCUMENTATION_COMMENTS = YES;
				CLANG_WARN_EMPTY_BODY = YES;
				CLANG_WARN_ENUM_CONVERSION = YES;
				CLANG_WARN_INFINITE_RECURSION = YES;
				CLANG_WARN_INT_CONVERSION = YES;
				CLANG_WARN_OBJC_ROOT_CLASS = YES_ERROR;
				CLANG_WARN_SUSPICIOUS_MOVE = YES;
				CLANG_WARN_UNREACHABLE_CODE = YES;
				CLANG_WARN__DUPLICATE_METHOD_MATCH = YES;
				CODE_SIGN_IDENTITY = "-";
				COPY_PHASE_STRIP = NO;
				DEBUG_INFORMATION_FORMAT = "dwarf-with-dsym";
				ENABLE_NS_ASSERTIONS = NO;
				ENABLE_STRICT_OBJC_MSGSEND = YES;
				GCC_C_LANGUAGE_STANDARD = gnu99;
				GCC_NO_COMMON_BLOCKS = YES;
				GCC_WARN_64_TO_32_BIT_CONVERSION = YES;
				GCC_WARN_ABOUT_RETURN_TYPE = YES_ERROR;
				GCC_WARN_UNDECLARED_SELECTOR = YES;
				GCC_WARN_UNINITIALIZED_AUTOS = YES_AGGRESSIVE;
				GCC_WARN_UNUSED_FUNCTION = YES;
				GCC_WARN_UNUSED_VARIABLE = YES;
				MACOSX_DEPLOYMENT_TARGET = 10.11;
				MTL_ENABLE_DEBUG_INFO = NO;
				SDKROOT = macosx;
			};
			name = Release;
		};
		1D6F35C3212A74370082DA48 /* Debug */ = {
			isa = XCBuildConfiguration;
			buildSettings = {
				INFOPLIST_FILE = mach_kext/Info.plist;
				MODULE_NAME = com.qtt.zhiqiangxu.mach_kext;
				MODULE_START = mach_kext_start;
				MODULE_STOP = mach_kext_stop;
				MODULE_VERSION = 1.0.0d1;
				PRODUCT_BUNDLE_IDENTIFIER = "com.qtt.zhiqiangxu.mach-kext";
				PRODUCT_NAME = "$(TARGET_NAME)";
				WRAPPER_EXTENSION = kext;
			};
			name = Debug;
		};
		1D6F35C4212A74370082DA48 /* Release */ = {
			isa = XCBuildConfiguration;
			buildSettings = {
				INFOPLIST_FILE = mach_kext/Info.plist;
				MODULE_NAME = com.qtt.zhiqiangxu.mach_kext;
				MODULE_START = mach_kext_start;
				MODULE_STOP = mach_kext_stop;
				MODULE_VERSION = 1.0.0d1;
				PRODUCT_BUNDLE_IDENTIFIER = "com.qtt.zhiqiangxu.mach-kext";
				PRODUCT_NAME = "$(TARGET_NAME)";
				WRAPPER_EXTENSION = kext;
			};
			name = Release;
		};
/* End XCBuildConfiguration section */

/* Begin XCConfigurationList section */
		1D6F35B4212A74370082DA48 /* Build configuration list for PBXProject "mach_kext" */ = {
			isa = XCConfigurationList;
			buildConfigurations = (
				1D6F35C0212A74370082DA48 /* Debug */,
				1D6F35C1212A74370082DA48 /* Release */,
			);
			defaultConfigurationIsVisible = 0;
			defaultConfigurationName = Release;
		};
		1D6F35C2212A74370082DA48 /* Build configuration list for PBXNativeTarget "mach_kext" */ = {
			isa = XCConfigurationList;
			buildConfigurations = (
				1D6F35C3212A74370082DA48 /* Debug */,
				1D6F35C4212A74370082DA48 /* Release */,
			);
			defaultConfigurationIsVisible = 0;
		};
/* End XCConfigurationList section */
	};
	rootObject = 1D6F35B1212A74370082DA48 /* Project object */;
}
